
Microsoft Visual Studio Solution File, Format Version 12.00
# Visual Studio Version 17
VisualStudioVersion = 17.4.33122.133
MinimumVisualStudioVersion = 10.0.40219.1
Project("{FAE04EC0-301F-11D3-BF4B-00C04F79EFBC}") = "BugTrackerApplication", "BugTrackerApplication.csproj", "{0E7A3633-4245-4022-A993-4DE337912870}"
EndProject
Global
	GlobalSection(SolutionConfigurationPlatforms) = preSolution
		Debug|Any CPU = Debug|Any CPU
		Release|Any CPU = Release|Any CPU
	EndGlobalSection
	GlobalSection(ProjectConfigurationPlatforms) = postSolution
		{0E7A3633-4245-4022-A993-4DE337912870}.Debug|Any CPU.ActiveCfg = Debug|Any CPU
		{0E7A3633-4245-4022-A993-4DE337912870}.Debug|Any CPU.Build.0 = Debug|Any CPU
		{0E7A3633-4245-4022-A993-4DE337912870}.Release|Any CPU.ActiveCfg = Release|Any CPU
		{0E7A3633-4245-4022-A993-4DE337912870}.Release|Any CPU.Build.0 = Release|Any CPU
	EndGlobalSection
	GlobalSection(SolutionProperties) = preSolution
		HideSolutionNode = FALSE
	EndGlobalSection
	GlobalSection(ExtensibilityGlobals) = postSolution
		SolutionGuid = {77FAE51B-E2D8-400E-BD54-6ADBACC5B626}
	EndGlobalSection
EndGlobal
